
Microsoft Visual Studio Solution File, Format Version 12.00
# Visual Studio Version 17
VisualStudioVersion = 17.14.36511.14 d17.14
MinimumVisualStudioVersion = 10.0.40219.1
Project("{FAE04EC0-301F-11D3-BF4B-00C04F79EFBC}") = "ELEVATOR_CONTROL_SYSTEM", "ELEVATOR_CONTROL_SYSTEM\ELEVATOR_CONTROL_SYSTEM.csproj", "{7812DFAC-2C22-4F8A-857C-1BB82DA9A088}"
EndProject
Project("{FAE04EC0-301F-11D3-BF4B-00C04F79EFBC}") = "ELEVATOR_CONTROL_SYSTEM.Tests", "ELEVATOR_CONTROL_SYSTEM.Tests\ELEVATOR_CONTROL_SYSTEM.Tests.csproj", "{567F65E7-D26B-4727-A371-476F216E908E}"
EndProject
Global
	GlobalSection(SolutionConfigurationPlatforms) = preSolution
		Debug|Any CPU = Debug|Any CPU
		Release|Any CPU = Release|Any CPU
	EndGlobalSection
	GlobalSection(ProjectConfigurationPlatforms) = postSolution
		{7812DFAC-2C22-4F8A-857C-1BB82DA9A088}.Debug|Any CPU.ActiveCfg = Debug|Any CPU
		{7812DFAC-2C22-4F8A-857C-1BB82DA9A088}.Debug|Any CPU.Build.0 = Debug|Any CPU
		{7812DFAC-2C22-4F8A-857C-1BB82DA9A088}.Release|Any CPU.ActiveCfg = Release|Any CPU
		{7812DFAC-2C22-4F8A-857C-1BB82DA9A088}.Release|Any CPU.Build.0 = Release|Any CPU
		{567F65E7-D26B-4727-A371-476F216E908E}.Debug|Any CPU.ActiveCfg = Debug|Any CPU
		{567F65E7-D26B-4727-A371-476F216E908E}.Debug|Any CPU.Build.0 = Debug|Any CPU
		{567F65E7-D26B-4727-A371-476F216E908E}.Release|Any CPU.ActiveCfg = Release|Any CPU
		{567F65E7-D26B-4727-A371-476F216E908E}.Release|Any CPU.Build.0 = Release|Any CPU
	EndGlobalSection
	GlobalSection(SolutionProperties) = preSolution
		HideSolutionNode = FALSE
	EndGlobalSection
	GlobalSection(ExtensibilityGlobals) = postSolution
		SolutionGuid = {3069AB1A-91AA-44D5-904C-A14CFDDE3FE0}
	EndGlobalSection
EndGlobal
